
Microsoft Visual Studio Solution File, Format Version 12.00
# Visual Studio Version 16
VisualStudioVersion = 16.0.30804.86
MinimumVisualStudioVersion = 10.0.40219.1
Project("{FAE04EC0-301F-11D3-BF4B-00C04F79EFBC}") = "Jhaturanga-CSharp", "Jhaturanga-CSharp\Jhaturanga-CSharp.csproj", "{4674ED90-4F86-4E96-B7DB-E2E298B2B994}"
EndProject
Global
	GlobalSection(SolutionConfigurationPlatforms) = preSolution
		Debug|Any CPU = Debug|Any CPU
		Release|Any CPU = Release|Any CPU
	EndGlobalSection
	GlobalSection(ProjectConfigurationPlatforms) = postSolution
		{4674ED90-4F86-4E96-B7DB-E2E298B2B994}.Debug|Any CPU.ActiveCfg = Debug|Any CPU
		{4674ED90-4F86-4E96-B7DB-E2E298B2B994}.Debug|Any CPU.Build.0 = Debug|Any CPU
		{4674ED90-4F86-4E96-B7DB-E2E298B2B994}.Release|Any CPU.ActiveCfg = Release|Any CPU
		{4674ED90-4F86-4E96-B7DB-E2E298B2B994}.Release|Any CPU.Build.0 = Release|Any CPU
	EndGlobalSection
	GlobalSection(SolutionProperties) = preSolution
		HideSolutionNode = FALSE
	EndGlobalSection
	GlobalSection(ExtensibilityGlobals) = postSolution
		SolutionGuid = {4A59076C-EA8C-434A-B2F0-D3B51E7210B1}
	EndGlobalSection
EndGlobal
