
Microsoft Visual Studio Solution File, Format Version 12.00
# Visual Studio Version 16
VisualStudioVersion = 16.0.31213.239
MinimumVisualStudioVersion = 10.0.40219.1
Project("{FAE04EC0-301F-11D3-BF4B-00C04F79EFBC}") = "Andruccioli", "Andruccioli\Andruccioli.csproj", "{A106C265-27C0-455F-A5D4-E742F362CAF9}"
EndProject
Global
	GlobalSection(SolutionConfigurationPlatforms) = preSolution
		Debug|Any CPU = Debug|Any CPU
		Release|Any CPU = Release|Any CPU
	EndGlobalSection
	GlobalSection(ProjectConfigurationPlatforms) = postSolution
		{A106C265-27C0-455F-A5D4-E742F362CAF9}.Debug|Any CPU.ActiveCfg = Debug|Any CPU
		{A106C265-27C0-455F-A5D4-E742F362CAF9}.Debug|Any CPU.Build.0 = Debug|Any CPU
		{A106C265-27C0-455F-A5D4-E742F362CAF9}.Release|Any CPU.ActiveCfg = Release|Any CPU
		{A106C265-27C0-455F-A5D4-E742F362CAF9}.Release|Any CPU.Build.0 = Release|Any CPU
	EndGlobalSection
	GlobalSection(SolutionProperties) = preSolution
		HideSolutionNode = FALSE
	EndGlobalSection
	GlobalSection(ExtensibilityGlobals) = postSolution
		SolutionGuid = {12485DDF-E01E-476A-A2D3-410BA210168E}
	EndGlobalSection
EndGlobal
